// !$*UTF8*$!
{
	archiveVersion = 1;
	classes = {
	};
	objectVersion = 56;
	objects = {

/* Begin PBXBuildFile section */
		A467CA962A6BBD2F00241A92 /* AppDelegate.swift in Sources */ = {isa = PBXBuildFile; fileRef = A467CA952A6BBD2F00241A92 /* AppDelegate.swift */; };
		A467CA982A6BBD2F00241A92 /* SceneDelegate.swift in Sources */ = {isa = PBXBuildFile; fileRef = A467CA972A6BBD2F00241A92 /* SceneDelegate.swift */; };
		A467CA9A2A6BBD2F00241A92 /* ViewController.swift in Sources */ = {isa = PBXBuildFile; fileRef = A467CA992A6BBD2F00241A92 /* ViewController.swift */; };
		A467CA9D2A6BBD2F00241A92 /* Main.storyboard in Resources */ = {isa = PBXBuildFile; fileRef = A467CA9B2A6BBD2F00241A92 /* Main.storyboard */; };
		A467CA9F2A6BBD3000241A92 /* Assets.xcassets in Resources */ = {isa = PBXBuildFile; fileRef = A467CA9E2A6BBD3000241A92 /* Assets.xcassets */; };
		A467CAA22A6BBD3000241A92 /* LaunchScreen.storyboard in Resources */ = {isa = PBXBuildFile; fileRef = A467CAA02A6BBD3000241A92 /* LaunchScreen.storyboard */; };
		A467CAAD2A6BBD3000241A92 /* CounterTests.swift in Sources */ = {isa = PBXBuildFile; fileRef = A467CAAC2A6BBD3000241A92 /* CounterTests.swift */; };
		A467CAB72A6BBD3000241A92 /* CounterUITests.swift in Sources */ = {isa = PBXBuildFile; fileRef = A467CAB62A6BBD3000241A92 /* CounterUITests.swift */; };
		A467CAB92A6BBD3000241A92 /* CounterUITestsLaunchTests.swift in Sources */ = {isa = PBXBuildFile; fileRef = A467CAB82A6BBD3000241A92 /* CounterUITestsLaunchTests.swift */; };
/* End PBXBuildFile section */

/* Begin PBXContainerItemProxy section */
		A467CAA92A6BBD3000241A92 /* PBXContainerItemProxy */ = {
			isa = PBXContainerItemProxy;
			containerPortal = A467CA8A2A6BBD2F00241A92 /* Project object */;
			proxyType = 1;
			remoteGlobalIDString = A467CA912A6BBD2F00241A92;
			remoteInfo = Counter;
		};
		A467CAB32A6BBD3000241A92 /* PBXContainerItemProxy */ = {
			isa = PBXContainerItemProxy;
			containerPortal = A467CA8A2A6BBD2F00241A92 /* Project object */;
			proxyType = 1;
			remoteGlobalIDString = A467CA912A6BBD2F00241A92;
			remoteInfo = Counter;
		};
/* End PBXContainerItemProxy section */

/* Begin PBXFileReference section */
		A467CA922A6BBD2F00241A92 /* Counter.app */ = {isa = PBXFileReference; explicitFileType = wrapper.application; includeInIndex = 0; path = Counter.app; sourceTree = BUILT_PRODUCTS_DIR; };
		A467CA952A6BBD2F00241A92 /* AppDelegate.swift */ = {isa = PBXFileReference; lastKnownFileType = sourcecode.swift; path = AppDelegate.swift; sourceTree = "<group>"; };
		A467CA972A6BBD2F00241A92 /* SceneDelegate.swift */ = {isa = PBXFileReference; lastKnownFileType = sourcecode.swift; path = SceneDelegate.swift; sourceTree = "<group>"; };
		A467CA992A6BBD2F00241A92 /* ViewController.swift */ = {isa = PBXFileReference; lastKnownFileType = sourcecode.swift; path = ViewController.swift; sourceTree = "<group>"; };
		A467CA9C2A6BBD2F00241A92 /* Base */ = {isa = PBXFileReference; lastKnownFileType = file.storyboard; name = Base; path = Base.lproj/Main.storyboard; sourceTree = "<group>"; };
		A467CA9E2A6BBD3000241A92 /* Assets.xcassets */ = {isa = PBXFileReference; lastKnownFileType = folder.assetcatalog; path = Assets.xcassets; sourceTree = "<group>"; };
		A467CAA12A6BBD3000241A92 /* Base */ = {isa = PBXFileReference; lastKnownFileType = file.storyboard; name = Base; path = Base.lproj/LaunchScreen.storyboard; sourceTree = "<group>"; };
		A467CAA32A6BBD3000241A92 /* Info.plist */ = {isa = PBXFileReference; lastKnownFileType = text.plist.xml; path = Info.plist; sourceTree = "<group>"; };
		A467CAA82A6BBD3000241A92 /* CounterTests.xctest */ = {isa = PBXFileReference; explicitFileType = wrapper.cfbundle; includeInIndex = 0; path = CounterTests.xctest; sourceTree = BUILT_PRODUCTS_DIR; };
		A467CAAC2A6BBD3000241A92 /* CounterTests.swift */ = {isa = PBXFileReference; lastKnownFileType = sourcecode.swift; path = CounterTests.swift; sourceTree = "<group>"; };
		A467CAB22A6BBD3000241A92 /* CounterUITests.xctest */ = {isa = PBXFileReference; explicitFileType = wrapper.cfbundle; includeInIndex = 0; path = CounterUITests.xctest; sourceTree = BUILT_PRODUCTS_DIR; };
		A467CAB62A6BBD3000241A92 /* CounterUITests.swift */ = {isa = PBXFileReference; lastKnownFileType = sourcecode.swift; path = CounterUITests.swift; sourceTree = "<group>"; };
		A467CAB82A6BBD3000241A92 /* CounterUITestsLaunchTests.swift */ = {isa = PBXFileReference; lastKnownFileType = sourcecode.swift; path = CounterUITestsLaunchTests.swift; sourceTree = "<group>"; };
/* End PBXFileReference section */

/* Begin PBXFrameworksBuildPhase section */
		A467CA8F2A6BBD2F00241A92 /* Frameworks */ = {
			isa = PBXFrameworksBuildPhase;
			buildActionMask = 2147483647;
			files = (
			);
			runOnlyForDeploymentPostprocessing = 0;
		};
		A467CAA52A6BBD3000241A92 /* Frameworks */ = {
			isa = PBXFrameworksBuildPhase;
			buildActionMask = 2147483647;
			files = (
			);
			runOnlyForDeploymentPostprocessing = 0;
		};
		A467CAAF2A6BBD3000241A92 /* Frameworks */ = {
			isa = PBXFrameworksBuildPhase;
			buildActionMask = 2147483647;
			files = (
			);
			runOnlyForDeploymentPostprocessing = 0;
		};
/* End PBXFrameworksBuildPhase section */

/* Begin PBXGroup section */
		A467CA892A6BBD2F00241A92 = {
			isa = PBXGroup;
			children = (
				A467CA942A6BBD2F00241A92 /* Counter */,
				A467CAAB2A6BBD3000241A92 /* CounterTests */,
				A467CAB52A6BBD3000241A92 /* CounterUITests */,
				A467CA932A6BBD2F00241A92 /* Products */,
			);
			sourceTree = "<group>";
		};
		A467CA932A6BBD2F00241A92 /* Products */ = {
			isa = PBXGroup;
			children = (
				A467CA922A6BBD2F00241A92 /* Counter.app */,
				A467CAA82A6BBD3000241A92 /* CounterTests.xctest */,
				A467CAB22A6BBD3000241A92 /* CounterUITests.xctest */,
			);
			name = Products;
			sourceTree = "<group>";
		};
		A467CA942A6BBD2F00241A92 /* Counter */ = {
			isa = PBXGroup;
			children = (
				A467CA952A6BBD2F00241A92 /* AppDelegate.swift */,
				A467CA972A6BBD2F00241A92 /* SceneDelegate.swift */,
				A467CA992A6BBD2F00241A92 /* ViewController.swift */,
				A467CA9B2A6BBD2F00241A92 /* Main.storyboard */,
				A467CA9E2A6BBD3000241A92 /* Assets.xcassets */,
				A467CAA02A6BBD3000241A92 /* LaunchScreen.storyboard */,
				A467CAA32A6BBD3000241A92 /* Info.plist */,
			);
			path = Counter;
			sourceTree = "<group>";
		};
		A467CAAB2A6BBD3000241A92 /* CounterTests */ = {
			isa = PBXGroup;
			children = (
				A467CAAC2A6BBD3000241A92 /* CounterTests.swift */,
			);
			path = CounterTests;
			sourceTree = "<group>";
		};
		A467CAB52A6BBD3000241A92 /* CounterUITests */ = {
			isa = PBXGroup;
			children = (
				A467CAB62A6BBD3000241A92 /* CounterUITests.swift */,
				A467CAB82A6BBD3000241A92 /* CounterUITestsLaunchTests.swift */,
			);
			path = CounterUITests;
			sourceTree = "<group>";
		};
/* End PBXGroup section */

/* Begin PBXNativeTarget section */
		A467CA912A6BBD2F00241A92 /* Counter */ = {
			isa = PBXNativeTarget;
			buildConfigurationList = A467CABC2A6BBD3000241A92 /* Build configuration list for PBXNativeTarget "Counter" */;
			buildPhases = (
				A467CA8E2A6BBD2F00241A92 /* Sources */,
				A467CA8F2A6BBD2F00241A92 /* Frameworks */,
				A467CA902A6BBD2F00241A92 /* Resources */,
			);
			buildRules = (
			);
			dependencies = (
			);
			name = Counter;
			productName = Counter;
			productReference = A467CA922A6BBD2F00241A92 /* Counter.app */;
			productType = "com.apple.product-type.application";
		};
		A467CAA72A6BBD3000241A92 /* CounterTests */ = {
			isa = PBXNativeTarget;
			buildConfigurationList = A467CABF2A6BBD3000241A92 /* Build configuration list for PBXNativeTarget "CounterTests" */;
			buildPhases = (
				A467CAA42A6BBD3000241A92 /* Sources */,
				A467CAA52A6BBD3000241A92 /* Frameworks */,
				A467CAA62A6BBD3000241A92 /* Resources */,
			);
			buildRules = (
			);
			dependencies = (
				A467CAAA2A6BBD3000241A92 /* PBXTargetDependency */,
			);
			name = CounterTests;
			productName = CounterTests;
			productReference = A467CAA82A6BBD3000241A92 /* CounterTests.xctest */;
			productType = "com.apple.product-type.bundle.unit-test";
		};
		A467CAB12A6BBD3000241A92 /* CounterUITests */ = {
			isa = PBXNativeTarget;
			buildConfigurationList = A467CAC22A6BBD3000241A92 /* Build configuration list for PBXNativeTarget "CounterUITests" */;
			buildPhases = (
				A467CAAE2A6BBD3000241A92 /* Sources */,
				A467CAAF2A6BBD3000241A92 /* Frameworks */,
				A467CAB02A6BBD3000241A92 /* Resources */,
			);
			buildRules = (
			);
			dependencies = (
				A467CAB42A6BBD3000241A92 /* PBXTargetDependency */,
			);
			name = CounterUITests;
			productName = CounterUITests;
			productReference = A467CAB22A6BBD3000241A92 /* CounterUITests.xctest */;
			productType = "com.apple.product-type.bundle.ui-testing";
		};
/* End PBXNativeTarget section */

/* Begin PBXProject section */
		A467CA8A2A6BBD2F00241A92 /* Project object */ = {
			isa = PBXProject;
			attributes = {
				BuildIndependentTargetsInParallel = 1;
				LastSwiftUpdateCheck = 1430;
				LastUpgradeCheck = 1430;
				TargetAttributes = {
					A467CA912A6BBD2F00241A92 = {
						CreatedOnToolsVersion = 14.3;
					};
					A467CAA72A6BBD3000241A92 = {
						CreatedOnToolsVersion = 14.3;
						TestTargetID = A467CA912A6BBD2F00241A92;
					};
					A467CAB12A6BBD3000241A92 = {
						CreatedOnToolsVersion = 14.3;
						TestTargetID = A467CA912A6BBD2F00241A92;
					};
				};
			};
			buildConfigurationList = A467CA8D2A6BBD2F00241A92 /* Build configuration list for PBXProject "Counter" */;
			compatibilityVersion = "Xcode 14.0";
			developmentRegion = en;
			hasScannedForEncodings = 0;
			knownRegions = (
				en,
				Base,
			);
			mainGroup = A467CA892A6BBD2F00241A92;
			productRefGroup = A467CA932A6BBD2F00241A92 /* Products */;
			projectDirPath = "";
			projectRoot = "";
			targets = (
				A467CA912A6BBD2F00241A92 /* Counter */,
				A467CAA72A6BBD3000241A92 /* CounterTests */,
				A467CAB12A6BBD3000241A92 /* CounterUITests */,
			);
		};
/* End PBXProject section */

/* Begin PBXResourcesBuildPhase section */
		A467CA902A6BBD2F00241A92 /* Resources */ = {
			isa = PBXResourcesBuildPhase;
			buildActionMask = 2147483647;
			files = (
				A467CAA22A6BBD3000241A92 /* LaunchScreen.storyboard in Resources */,
				A467CA9F2A6BBD3000241A92 /* Assets.xcassets in Resources */,
				A467CA9D2A6BBD2F00241A92 /* Main.storyboard in Resources */,
			);
			runOnlyForDeploymentPostprocessing = 0;
		};
		A467CAA62A6BBD3000241A92 /* Resources */ = {
			isa = PBXResourcesBuildPhase;
			buildActionMask = 2147483647;
			files = (
			);
			runOnlyForDeploymentPostprocessing = 0;
		};
		A467CAB02A6BBD3000241A92 /* Resources */ = {
			isa = PBXResourcesBuildPhase;
			buildActionMask = 2147483647;
			files = (
			);
			runOnlyForDeploymentPostprocessing = 0;
		};
/* End PBXResourcesBuildPhase section */

/* Begin PBXSourcesBuildPhase section */
		A467CA8E2A6BBD2F00241A92 /* Sources */ = {
			isa = PBXSourcesBuildPhase;
			buildActionMask = 2147483647;
			files = (
				A467CA9A2A6BBD2F00241A92 /* ViewController.swift in Sources */,
				A467CA962A6BBD2F00241A92 /* AppDelegate.swift in Sources */,
				A467CA982A6BBD2F00241A92 /* SceneDelegate.swift in Sources */,
			);
			runOnlyForDeploymentPostprocessing = 0;
		};
		A467CAA42A6BBD3000241A92 /* Sources */ = {
			isa = PBXSourcesBuildPhase;
			buildActionMask = 2147483647;
			files = (
				A467CAAD2A6BBD3000241A92 /* CounterTests.swift in Sources */,
			);
			runOnlyForDeploymentPostprocessing = 0;
		};
		A467CAAE2A6BBD3000241A92 /* Sources */ = {
			isa = PBXSourcesBuildPhase;
			buildActionMask = 2147483647;
			files = (
				A467CAB72A6BBD3000241A92 /* CounterUITests.swift in Sources */,
				A467CAB92A6BBD3000241A92 /* CounterUITestsLaunchTests.swift in Sources */,
			);
			runOnlyForDeploymentPostprocessing = 0;
		};
/* End PBXSourcesBuildPhase section */

/* Begin PBXTargetDependency section */
		A467CAAA2A6BBD3000241A92 /* PBXTargetDependency */ = {
			isa = PBXTargetDependency;
			target = A467CA912A6BBD2F00241A92 /* Counter */;
			targetProxy = A467CAA92A6BBD3000241A92 /* PBXContainerItemProxy */;
		};
		A467CAB42A6BBD3000241A92 /* PBXTargetDependency */ = {
			isa = PBXTargetDependency;
			target = A467CA912A6BBD2F00241A92 /* Counter */;
			targetProxy = A467CAB32A6BBD3000241A92 /* PBXContainerItemProxy */;
		};
/* End PBXTargetDependency section */

/* Begin PBXVariantGroup section */
		A467CA9B2A6BBD2F00241A92 /* Main.storyboard */ = {
			isa = PBXVariantGroup;
			children = (
				A467CA9C2A6BBD2F00241A92 /* Base */,
			);
			name = Main.storyboard;
			sourceTree = "<group>";
		};
		A467CAA02A6BBD3000241A92 /* LaunchScreen.storyboard */ = {
			isa = PBXVariantGroup;
			children = (
				A467CAA12A6BBD3000241A92 /* Base */,
			);
			name = LaunchScreen.storyboard;
			sourceTree = "<group>";
		};
/* End PBXVariantGroup section */

/* Begin XCBuildConfiguration section */
		A467CABA2A6BBD3000241A92 /* Debug */ = {
			isa = XCBuildConfiguration;
			buildSettings = {
				ALWAYS_SEARCH_USER_PATHS = NO;
				CLANG_ANALYZER_NONNULL = YES;
				CLANG_ANALYZER_NUMBER_OBJECT_CONVERSION = YES_AGGRESSIVE;
				CLANG_CXX_LANGUAGE_STANDARD = "gnu++20";
				CLANG_ENABLE_MODULES = YES;
				CLANG_ENABLE_OBJC_ARC = YES;
				CLANG_ENABLE_OBJC_WEAK = YES;
				CLANG_WARN_BLOCK_CAPTURE_AUTORELEASING = YES;
				CLANG_WARN_BOOL_CONVERSION = YES;
				CLANG_WARN_COMMA = YES;
				CLANG_WARN_CONSTANT_CONVERSION = YES;
				CLANG_WARN_DEPRECATED_OBJC_IMPLEMENTATIONS = YES;
				CLANG_WARN_DIRECT_OBJC_ISA_USAGE = YES_ERROR;
				CLANG_WARN_DOCUMENTATION_COMMENTS = YES;
				CLANG_WARN_EMPTY_BODY = YES;
				CLANG_WARN_ENUM_CONVERSION = YES;
				CLANG_WARN_INFINITE_RECURSION = YES;
				CLANG_WARN_INT_CONVERSION = YES;
				CLANG_WARN_NON_LITERAL_NULL_CONVERSION = YES;
				CLANG_WARN_OBJC_IMPLICIT_RETAIN_SELF = YES;
				CLANG_WARN_OBJC_LITERAL_CONVERSION = YES;
				CLANG_WARN_OBJC_ROOT_CLASS = YES_ERROR;
				CLANG_WARN_QUOTED_INCLUDE_IN_FRAMEWORK_HEADER = YES;
				CLANG_WARN_RANGE_LOOP_ANALYSIS = YES;
				CLANG_WARN_STRICT_PROTOTYPES = YES;
				CLANG_WARN_SUSPICIOUS_MOVE = YES;
				CLANG_WARN_UNGUARDED_AVAILABILITY = YES_AGGRESSIVE;
				CLANG_WARN_UNREACHABLE_CODE = YES;
				CLANG_WARN__DUPLICATE_METHOD_MATCH = YES;
				COPY_PHASE_STRIP = NO;
				DEBUG_INFORMATION_FORMAT = dwarf;
				ENABLE_STRICT_OBJC_MSGSEND = YES;
				ENABLE_TESTABILITY = YES;
				GCC_C_LANGUAGE_STANDARD = gnu11;
				GCC_DYNAMIC_NO_PIC = NO;
				GCC_NO_COMMON_BLOCKS = YES;
				GCC_OPTIMIZATION_LEVEL = 0;
				GCC_PREPROCESSOR_DEFINITIONS = (
					"DEBUG=1",
					"$(inherited)",
				);
				GCC_WARN_64_TO_32_BIT_CONVERSION = YES;
				GCC_WARN_ABOUT_RETURN_TYPE = YES_ERROR;
				GCC_WARN_UNDECLARED_SELECTOR = YES;
				GCC_WARN_UNINITIALIZED_AUTOS = YES_AGGRESSIVE;
				GCC_WARN_UNUSED_FUNCTION = YES;
				GCC_WARN_UNUSED_VARIABLE = YES;
				IPHONEOS_DEPLOYMENT_TARGET = 16.4;
				MTL_ENABLE_DEBUG_INFO = INCLUDE_SOURCE;
				MTL_FAST_MATH = YES;
				ONLY_ACTIVE_ARCH = YES;
				SDKROOT = iphoneos;
				SWIFT_ACTIVE_COMPILATION_CONDITIONS = DEBUG;
				SWIFT_OPTIMIZATION_LEVEL = "-Onone";
			};
			name = Debug;
		};
		A467CABB2A6BBD3000241A92 /* Release */ = {
			isa = XCBuildConfiguration;
			buildSettings = {
				ALWAYS_SEARCH_USER_PATHS = NO;
				CLANG_ANALYZER_NONNULL = YES;
				CLANG_ANALYZER_NUMBER_OBJECT_CONVERSION = YES_AGGRESSIVE;
				CLANG_CXX_LANGUAGE_STANDARD = "gnu++20";
				CLANG_ENABLE_MODULES = YES;
				CLANG_ENABLE_OBJC_ARC = YES;
				CLANG_ENABLE_OBJC_WEAK = YES;
				CLANG_WARN_BLOCK_CAPTURE_AUTORELEASING = YES;
				CLANG_WARN_BOOL_CONVERSION = YES;
				CLANG_WARN_COMMA = YES;
				CLANG_WARN_CONSTANT_CONVERSION = YES;
				CLANG_WARN_DEPRECATED_OBJC_IMPLEMENTATIONS = YES;
				CLANG_WARN_DIRECT_OBJC_ISA_USAGE = YES_ERROR;
				CLANG_WARN_DOCUMENTATION_COMMENTS = YES;
				CLANG_WARN_EMPTY_BODY = YES;
				CLANG_WARN_ENUM_CONVERSION = YES;
				CLANG_WARN_INFINITE_RECURSION = YES;
				CLANG_WARN_INT_CONVERSION = YES;
				CLANG_WARN_NON_LITERAL_NULL_CONVERSION = YES;
				CLANG_WARN_OBJC_IMPLICIT_RETAIN_SELF = YES;
				CLANG_WARN_OBJC_LITERAL_CONVERSION = YES;
				CLANG_WARN_OBJC_ROOT_CLASS = YES_ERROR;
				CLANG_WARN_QUOTED_INCLUDE_IN_FRAMEWORK_HEADER = YES;
				CLANG_WARN_RANGE_LOOP_ANALYSIS = YES;
				CLANG_WARN_STRICT_PROTOTYPES = YES;
				CLANG_WARN_SUSPICIOUS_MOVE = YES;
				CLANG_WARN_UNGUARDED_AVAILABILITY = YES_AGGRESSIVE;
				CLANG_WARN_UNREACHABLE_CODE = YES;
				CLANG_WARN__DUPLICATE_METHOD_MATCH = YES;
				COPY_PHASE_STRIP = NO;
				DEBUG_INFORMATION_FORMAT = "dwarf-with-dsym";
				ENABLE_NS_ASSERTIONS = NO;
				ENABLE_STRICT_OBJC_MSGSEND = YES;
				GCC_C_LANGUAGE_STANDARD = gnu11;
				GCC_NO_COMMON_BLOCKS = YES;
				GCC_WARN_64_TO_32_BIT_CONVERSION = YES;
				GCC_WARN_ABOUT_RETURN_TYPE = YES_ERROR;
				GCC_WARN_UNDECLARED_SELECTOR = YES;
				GCC_WARN_UNINITIALIZED_AUTOS = YES_AGGRESSIVE;
				GCC_WARN_UNUSED_FUNCTION = YES;
				GCC_WARN_UNUSED_VARIABLE = YES;
				IPHONEOS_DEPLOYMENT_TARGET = 16.4;
				MTL_ENABLE_DEBUG_INFO = NO;
				MTL_FAST_MATH = YES;
				SDKROOT = iphoneos;
				SWIFT_COMPILATION_MODE = wholemodule;
				SWIFT_OPTIMIZATION_LEVEL = "-O";
				VALIDATE_PRODUCT = YES;
			};
			name = Release;
		};
		A467CABD2A6BBD3000241A92 /* Debug */ = {
			isa = XCBuildConfiguration;
			buildSettings = {
				ASSETCATALOG_COMPILER_APPICON_NAME = AppIcon;
				ASSETCATALOG_COMPILER_GLOBAL_ACCENT_COLOR_NAME = AccentColor;
				CODE_SIGN_STYLE = Automatic;
				CURRENT_PROJECT_VERSION = 1;
				GENERATE_INFOPLIST_FILE = YES;
				INFOPLIST_FILE = Counter/Info.plist;
				INFOPLIST_KEY_UIApplicationSupportsIndirectInputEvents = YES;
				INFOPLIST_KEY_UILaunchStoryboardName = LaunchScreen;
				INFOPLIST_KEY_UIMainStoryboardFile = Main;
				INFOPLIST_KEY_UISupportedInterfaceOrientations_iPad = "UIInterfaceOrientationPortrait UIInterfaceOrientationPortraitUpsideDown UIInterfaceOrientationLandscapeLeft UIInterfaceOrientationLandscapeRight";
				INFOPLIST_KEY_UISupportedInterfaceOrientations_iPhone = "UIInterfaceOrientationPortrait UIInterfaceOrientationLandscapeLeft UIInterfaceOrientationLandscapeRight";
				LD_RUNPATH_SEARCH_PATHS = (
					"$(inherited)",
					"@executable_path/Frameworks",
				);
				MARKETING_VERSION = 1.0;
				PRODUCT_BUNDLE_IDENTIFIER = test.Counter;
				PRODUCT_NAME = "$(TARGET_NAME)";
				SWIFT_EMIT_LOC_STRINGS = YES;
				SWIFT_VERSION = 5.0;
				TARGETED_DEVICE_FAMILY = "1,2";
			};
			name = Debug;
		};
		A467CABE2A6BBD3000241A92 /* Release */ = {
			isa = XCBuildConfiguration;
			buildSettings = {
				ASSETCATALOG_COMPILER_APPICON_NAME = AppIcon;
				ASSETCATALOG_COMPILER_GLOBAL_ACCENT_COLOR_NAME = AccentColor;
				CODE_SIGN_STYLE = Automatic;
				CURRENT_PROJECT_VERSION = 1;
				GENERATE_INFOPLIST_FILE = YES;
				INFOPLIST_FILE = Counter/Info.plist;
				INFOPLIST_KEY_UIApplicationSupportsIndirectInputEvents = YES;
				INFOPLIST_KEY_UILaunchStoryboardName = LaunchScreen;
				INFOPLIST_KEY_UIMainStoryboardFile = Main;
				INFOPLIST_KEY_UISupportedInterfaceOrientations_iPad = "UIInterfaceOrientationPortrait UIInterfaceOrientationPortraitUpsideDown UIInterfaceOrientationLandscapeLeft UIInterfaceOrientationLandscapeRight";
				INFOPLIST_KEY_UISupportedInterfaceOrientations_iPhone = "UIInterfaceOrientationPortrait UIInterfaceOrientationLandscapeLeft UIInterfaceOrientationLandscapeRight";
				LD_RUNPATH_SEARCH_PATHS = (
					"$(inherited)",
					"@executable_path/Frameworks",
				);
				MARKETING_VERSION = 1.0;
				PRODUCT_BUNDLE_IDENTIFIER = test.Counter;
				PRODUCT_NAME = "$(TARGET_NAME)";
				SWIFT_EMIT_LOC_STRINGS = YES;
				SWIFT_VERSION = 5.0;
				TARGETED_DEVICE_FAMILY = "1,2";
			};
			name = Release;
		};
		A467CAC02A6BBD3000241A92 /* Debug */ = {
			isa = XCBuildConfiguration;
			buildSettings = {
				ALWAYS_EMBED_SWIFT_STANDARD_LIBRARIES = YES;
				BUNDLE_LOADER = "$(TEST_HOST)";
				CODE_SIGN_STYLE = Automatic;
				CURRENT_PROJECT_VERSION = 1;
				GENERATE_INFOPLIST_FILE = YES;
				IPHONEOS_DEPLOYMENT_TARGET = 16.4;
				MARKETING_VERSION = 1.0;
				PRODUCT_BUNDLE_IDENTIFIER = test.CounterTests;
				PRODUCT_NAME = "$(TARGET_NAME)";
				SWIFT_EMIT_LOC_STRINGS = NO;
				SWIFT_VERSION = 5.0;
				TARGETED_DEVICE_FAMILY = "1,2";
				TEST_HOST = "$(BUILT_PRODUCTS_DIR)/Counter.app/$(BUNDLE_EXECUTABLE_FOLDER_PATH)/Counter";
			};
			name = Debug;
		};
		A467CAC12A6BBD3000241A92 /* Release */ = {
			isa = XCBuildConfiguration;
			buildSettings = {
				ALWAYS_EMBED_SWIFT_STANDARD_LIBRARIES = YES;
				BUNDLE_LOADER = "$(TEST_HOST)";
				CODE_SIGN_STYLE = Automatic;
				CURRENT_PROJECT_VERSION = 1;
				GENERATE_INFOPLIST_FILE = YES;
				IPHONEOS_DEPLOYMENT_TARGET = 16.4;
				MARKETING_VERSION = 1.0;
				PRODUCT_BUNDLE_IDENTIFIER = test.CounterTests;
				PRODUCT_NAME = "$(TARGET_NAME)";
				SWIFT_EMIT_LOC_STRINGS = NO;
				SWIFT_VERSION = 5.0;
				TARGETED_DEVICE_FAMILY = "1,2";
				TEST_HOST = "$(BUILT_PRODUCTS_DIR)/Counter.app/$(BUNDLE_EXECUTABLE_FOLDER_PATH)/Counter";
			};
			name = Release;
		};
		A467CAC32A6BBD3000241A92 /* Debug */ = {
			isa = XCBuildConfiguration;
			buildSettings = {
				ALWAYS_EMBED_SWIFT_STANDARD_LIBRARIES = YES;
				CODE_SIGN_STYLE = Automatic;
				CURRENT_PROJECT_VERSION = 1;
				GENERATE_INFOPLIST_FILE = YES;
				MARKETING_VERSION = 1.0;
				PRODUCT_BUNDLE_IDENTIFIER = test.CounterUITests;
				PRODUCT_NAME = "$(TARGET_NAME)";
				SWIFT_EMIT_LOC_STRINGS = NO;
				SWIFT_VERSION = 5.0;
				TARGETED_DEVICE_FAMILY = "1,2";
				TEST_TARGET_NAME = Counter;
			};
			name = Debug;
		};
		A467CAC42A6BBD3000241A92 /* Release */ = {
			isa = XCBuildConfiguration;
			buildSettings = {
				ALWAYS_EMBED_SWIFT_STANDARD_LIBRARIES = YES;
				CODE_SIGN_STYLE = Automatic;
				CURRENT_PROJECT_VERSION = 1;
				GENERATE_INFOPLIST_FILE = YES;
				MARKETING_VERSION = 1.0;
				PRODUCT_BUNDLE_IDENTIFIER = test.CounterUITests;
				PRODUCT_NAME = "$(TARGET_NAME)";
				SWIFT_EMIT_LOC_STRINGS = NO;
				SWIFT_VERSION = 5.0;
				TARGETED_DEVICE_FAMILY = "1,2";
				TEST_TARGET_NAME = Counter;
			};
			name = Release;
		};
/* End XCBuildConfiguration section */

/* Begin XCConfigurationList section */
		A467CA8D2A6BBD2F00241A92 /* Build configuration list for PBXProject "Counter" */ = {
			isa = XCConfigurationList;
			buildConfigurations = (
				A467CABA2A6BBD3000241A92 /* Debug */,
				A467CABB2A6BBD3000241A92 /* Release */,
			);
			defaultConfigurationIsVisible = 0;
			defaultConfigurationName = Release;
		};
		A467CABC2A6BBD3000241A92 /* Build configuration list for PBXNativeTarget "Counter" */ = {
			isa = XCConfigurationList;
			buildConfigurations = (
				A467CABD2A6BBD3000241A92 /* Debug */,
				A467CABE2A6BBD3000241A92 /* Release */,
			);
			defaultConfigurationIsVisible = 0;
			defaultConfigurationName = Release;
		};
		A467CABF2A6BBD3000241A92 /* Build configuration list for PBXNativeTarget "CounterTests" */ = {
			isa = XCConfigurationList;
			buildConfigurations = (
				A467CAC02A6BBD3000241A92 /* Debug */,
				A467CAC12A6BBD3000241A92 /* Release */,
			);
			defaultConfigurationIsVisible = 0;
			defaultConfigurationName = Release;
		};
		A467CAC22A6BBD3000241A92 /* Build configuration list for PBXNativeTarget "CounterUITests" */ = {
			isa = XCConfigurationList;
			buildConfigurations = (
				A467CAC32A6BBD3000241A92 /* Debug */,
				A467CAC42A6BBD3000241A92 /* Release */,
			);
			defaultConfigurationIsVisible = 0;
			defaultConfigurationName = Release;
		};
/* End XCConfigurationList section */
	};
	rootObject = A467CA8A2A6BBD2F00241A92 /* Project object */;
}
